
Microsoft Visual Studio Solution File, Format Version 12.00
# Visual Studio 2013
VisualStudioVersion = 12.0.30501.0
MinimumVisualStudioVersion = 10.0.40219.1
Project("{FAE04EC0-301F-11D3-BF4B-00C04F79EFBC}") = "WebFormMVC", "WebFormMVC\WebFormMVC.csproj", "{81EEACD6-8ABC-4CB7-94A0-F547DFD4152E}"
EndProject
Global
	GlobalSection(SolutionConfigurationPlatforms) = preSolution
		Debug|Any CPU = Debug|Any CPU
		Release|Any CPU = Release|Any CPU
	EndGlobalSection
	GlobalSection(ProjectConfigurationPlatforms) = postSolution
		{81EEACD6-8ABC-4CB7-94A0-F547DFD4152E}.Debug|Any CPU.ActiveCfg = Debug|Any CPU
		{81EEACD6-8ABC-4CB7-94A0-F547DFD4152E}.Debug|Any CPU.Build.0 = Debug|Any CPU
		{81EEACD6-8ABC-4CB7-94A0-F547DFD4152E}.Release|Any CPU.ActiveCfg = Release|Any CPU
		{81EEACD6-8ABC-4CB7-94A0-F547DFD4152E}.Release|Any CPU.Build.0 = Release|Any CPU
	EndGlobalSection
	GlobalSection(SolutionProperties) = preSolution
		HideSolutionNode = FALSE
	EndGlobalSection
EndGlobal
